// !$*UTF8*$!
{
	archiveVersion = 1;
	classes = {
	};
	objectVersion = 50;
	objects = {

/* Begin PBXBuildFile section */
		3E993F352092C3F200E9013F /* AppDelegate.m in Sources */ = {isa = PBXBuildFile; fileRef = 3E993F342092C3F200E9013F /* AppDelegate.m */; };
		3E993F382092C3F200E9013F /* ViewController.m in Sources */ = {isa = PBXBuildFile; fileRef = 3E993F372092C3F200E9013F /* ViewController.m */; };
		3E993F3B2092C3F200E9013F /* Main.storyboard in Resources */ = {isa = PBXBuildFile; fileRef = 3E993F392092C3F200E9013F /* Main.storyboard */; };
		3E993F3D2092C3F300E9013F /* Assets.xcassets in Resources */ = {isa = PBXBuildFile; fileRef = 3E993F3C2092C3F300E9013F /* Assets.xcassets */; };
		3E993F402092C3F300E9013F /* LaunchScreen.storyboard in Resources */ = {isa = PBXBuildFile; fileRef = 3E993F3E2092C3F300E9013F /* LaunchScreen.storyboard */; };
		3E993F432092C3F400E9013F /* main.m in Sources */ = {isa = PBXBuildFile; fileRef = 3E993F422092C3F400E9013F /* main.m */; };
/* End PBXBuildFile section */

/* Begin PBXFileReference section */
		3E993F302092C3F200E9013F /* TestRestore.app */ = {isa = PBXFileReference; explicitFileType = wrapper.application; includeInIndex = 0; path = TestRestore.app; sourceTree = BUILT_PRODUCTS_DIR; };
		3E993F332092C3F200E9013F /* AppDelegate.h */ = {isa = PBXFileReference; lastKnownFileType = sourcecode.c.h; path = AppDelegate.h; sourceTree = "<group>"; };
		3E993F342092C3F200E9013F /* AppDelegate.m */ = {isa = PBXFileReference; lastKnownFileType = sourcecode.c.objc; path = AppDelegate.m; sourceTree = "<group>"; };
		3E993F362092C3F200E9013F /* ViewController.h */ = {isa = PBXFileReference; lastKnownFileType = sourcecode.c.h; path = ViewController.h; sourceTree = "<group>"; };
		3E993F372092C3F200E9013F /* ViewController.m */ = {isa = PBXFileReference; lastKnownFileType = sourcecode.c.objc; path = ViewController.m; sourceTree = "<group>"; };
		3E993F3A2092C3F200E9013F /* Base */ = {isa = PBXFileReference; lastKnownFileType = file.storyboard; name = Base; path = Base.lproj/Main.storyboard; sourceTree = "<group>"; };
		3E993F3C2092C3F300E9013F /* Assets.xcassets */ = {isa = PBXFileReference; lastKnownFileType = folder.assetcatalog; path = Assets.xcassets; sourceTree = "<group>"; };
		3E993F3F2092C3F300E9013F /* Base */ = {isa = PBXFileReference; lastKnownFileType = file.storyboard; name = Base; path = Base.lproj/LaunchScreen.storyboard; sourceTree = "<group>"; };
		3E993F412092C3F400E9013F /* Info.plist */ = {isa = PBXFileReference; lastKnownFileType = text.plist.xml; path = Info.plist; sourceTree = "<group>"; };
		3E993F422092C3F400E9013F /* main.m */ = {isa = PBXFileReference; lastKnownFileType = sourcecode.c.objc; path = main.m; sourceTree = "<group>"; };
/* End PBXFileReference section */

/* Begin PBXFrameworksBuildPhase section */
		3E993F2D2092C3F200E9013F /* Frameworks */ = {
			isa = PBXFrameworksBuildPhase;
			buildActionMask = 2147483647;
			files = (
			);
			runOnlyForDeploymentPostprocessing = 0;
		};
/* End PBXFrameworksBuildPhase section */

/* Begin PBXGroup section */
		3E993F272092C3F200E9013F = {
			isa = PBXGroup;
			children = (
				3E993F322092C3F200E9013F /* TestRestore */,
				3E993F312092C3F200E9013F /* Products */,
			);
			sourceTree = "<group>";
		};
		3E993F312092C3F200E9013F /* Products */ = {
			isa = PBXGroup;
			children = (
				3E993F302092C3F200E9013F /* TestRestore.app */,
			);
			name = Products;
			sourceTree = "<group>";
		};
		3E993F322092C3F200E9013F /* TestRestore */ = {
			isa = PBXGroup;
			children = (
				3E993F332092C3F200E9013F /* AppDelegate.h */,
				3E993F342092C3F200E9013F /* AppDelegate.m */,
				3E993F362092C3F200E9013F /* ViewController.h */,
				3E993F372092C3F200E9013F /* ViewController.m */,
				3E993F392092C3F200E9013F /* Main.storyboard */,
				3E993F3C2092C3F300E9013F /* Assets.xcassets */,
				3E993F3E2092C3F300E9013F /* LaunchScreen.storyboard */,
				3E993F412092C3F400E9013F /* Info.plist */,
				3E993F422092C3F400E9013F /* main.m */,
			);
			path = TestRestore;
			sourceTree = "<group>";
		};
/* End PBXGroup section */

/* Begin PBXNativeTarget section */
		3E993F2F2092C3F200E9013F /* TestRestore */ = {
			isa = PBXNativeTarget;
			buildConfigurationList = 3E993F462092C3F400E9013F /* Build configuration list for PBXNativeTarget "TestRestore" */;
			buildPhases = (
				3E993F2C2092C3F200E9013F /* Sources */,
				3E993F2D2092C3F200E9013F /* Frameworks */,
				3E993F2E2092C3F200E9013F /* Resources */,
			);
			buildRules = (
			);
			dependencies = (
			);
			name = TestRestore;
			productName = TestRestore;
			productReference = 3E993F302092C3F200E9013F /* TestRestore.app */;
			productType = "com.apple.product-type.application";
		};
/* End PBXNativeTarget section */

/* Begin PBXProject section */
		3E993F282092C3F200E9013F /* Project object */ = {
			isa = PBXProject;
			attributes = {
				LastUpgradeCheck = 0930;
				ORGANIZATIONNAME = "Scarlett Che";
				TargetAttributes = {
					3E993F2F2092C3F200E9013F = {
						CreatedOnToolsVersion = 9.3;
					};
				};
			};
			buildConfigurationList = 3E993F2B2092C3F200E9013F /* Build configuration list for PBXProject "TestRestore" */;
			compatibilityVersion = "Xcode 9.3";
			developmentRegion = en;
			hasScannedForEncodings = 0;
			knownRegions = (
				en,
				Base,
			);
			mainGroup = 3E993F272092C3F200E9013F;
			productRefGroup = 3E993F312092C3F200E9013F /* Products */;
			projectDirPath = "";
			projectRoot = "";
			targets = (
				3E993F2F2092C3F200E9013F /* TestRestore */,
			);
		};
/* End PBXProject section */

/* Begin PBXResourcesBuildPhase section */
		3E993F2E2092C3F200E9013F /* Resources */ = {
			isa = PBXResourcesBuildPhase;
			buildActionMask = 2147483647;
			files = (
				3E993F402092C3F300E9013F /* LaunchScreen.storyboard in Resources */,
				3E993F3D2092C3F300E9013F /* Assets.xcassets in Resources */,
				3E993F3B2092C3F200E9013F /* Main.storyboard in Resources */,
			);
			runOnlyForDeploymentPostprocessing = 0;
		};
/* End PBXResourcesBuildPhase section */

/* Begin PBXSourcesBuildPhase section */
		3E993F2C2092C3F200E9013F /* Sources */ = {
			isa = PBXSourcesBuildPhase;
			buildActionMask = 2147483647;
			files = (
				3E993F382092C3F200E9013F /* ViewController.m in Sources */,
				3E993F432092C3F400E9013F /* main.m in Sources */,
				3E993F352092C3F200E9013F /* AppDelegate.m in Sources */,
			);
			runOnlyForDeploymentPostprocessing = 0;
		};
/* End PBXSourcesBuildPhase section */

/* Begin PBXVariantGroup section */
		3E993F392092C3F200E9013F /* Main.storyboard */ = {
			isa = PBXVariantGroup;
			children = (
				3E993F3A2092C3F200E9013F /* Base */,
			);
			name = Main.storyboard;
			sourceTree = "<group>";
		};
		3E993F3E2092C3F300E9013F /* LaunchScreen.storyboard */ = {
			isa = PBXVariantGroup;
			children = (
				3E993F3F2092C3F300E9013F /* Base */,
			);
			name = LaunchScreen.storyboard;
			sourceTree = "<group>";
		};
/* End PBXVariantGroup section */

/* Begin XCBuildConfiguration section */
		3E993F442092C3F400E9013F /* Debug */ = {
			isa = XCBuildConfiguration;
			buildSettings = {
				ALWAYS_SEARCH_USER_PATHS = NO;
				CLANG_ANALYZER_NONNULL = YES;
				CLANG_ANALYZER_NUMBER_OBJECT_CONVERSION = YES_AGGRESSIVE;
				CLANG_CXX_LANGUAGE_STANDARD = "gnu++14";
				CLANG_CXX_LIBRARY = "libc++";
				CLANG_ENABLE_MODULES = YES;
				CLANG_ENABLE_OBJC_ARC = YES;
				CLANG_ENABLE_OBJC_WEAK = YES;
				CLANG_WARN_BLOCK_CAPTURE_AUTORELEASING = YES;
				CLANG_WARN_BOOL_CONVERSION = YES;
				CLANG_WARN_COMMA = YES;
				CLANG_WARN_CONSTANT_CONVERSION = YES;
				CLANG_WARN_DEPRECATED_OBJC_IMPLEMENTATIONS = YES;
				CLANG_WARN_DIRECT_OBJC_ISA_USAGE = YES_ERROR;
				CLANG_WARN_DOCUMENTATION_COMMENTS = YES;
				CLANG_WARN_EMPTY_BODY = YES;
				CLANG_WARN_ENUM_CONVERSION = YES;
				CLANG_WARN_INFINITE_RECURSION = YES;
				CLANG_WARN_INT_CONVERSION = YES;
				CLANG_WARN_NON_LITERAL_NULL_CONVERSION = YES;
				CLANG_WARN_OBJC_IMPLICIT_RETAIN_SELF = YES;
				CLANG_WARN_OBJC_LITERAL_CONVERSION = YES;
				CLANG_WARN_OBJC_ROOT_CLASS = YES_ERROR;
				CLANG_WARN_RANGE_LOOP_ANALYSIS = YES;
				CLANG_WARN_STRICT_PROTOTYPES = YES;
				CLANG_WARN_SUSPICIOUS_MOVE = YES;
				CLANG_WARN_UNGUARDED_AVAILABILITY = YES_AGGRESSIVE;
				CLANG_WARN_UNREACHABLE_CODE = YES;
				CLANG_WARN__DUPLICATE_METHOD_MATCH = YES;
				CODE_SIGN_IDENTITY = "iPhone Developer";
				COPY_PHASE_STRIP = NO;
				DEBUG_INFORMATION_FORMAT = dwarf;
				ENABLE_STRICT_OBJC_MSGSEND = YES;
				ENABLE_TESTABILITY = YES;
				GCC_C_LANGUAGE_STANDARD = gnu11;
				GCC_DYNAMIC_NO_PIC = NO;
				GCC_NO_COMMON_BLOCKS = YES;
				GCC_OPTIMIZATION_LEVEL = 0;
				GCC_PREPROCESSOR_DEFINITIONS = (
					"DEBUG=1",
					"$(inherited)",
				);
				GCC_WARN_64_TO_32_BIT_CONVERSION = YES;
				GCC_WARN_ABOUT_RETURN_TYPE = YES_ERROR;
				GCC_WARN_UNDECLARED_SELECTOR = YES;
				GCC_WARN_UNINITIALIZED_AUTOS = YES_AGGRESSIVE;
				GCC_WARN_UNUSED_FUNCTION = YES;
				GCC_WARN_UNUSED_VARIABLE = YES;
				IPHONEOS_DEPLOYMENT_TARGET = 11.3;
				MTL_ENABLE_DEBUG_INFO = YES;
				ONLY_ACTIVE_ARCH = YES;
				SDKROOT = iphoneos;
			};
			name = Debug;
		};
		3E993F452092C3F400E9013F /* Release */ = {
			isa = XCBuildConfiguration;
			buildSettings = {
				ALWAYS_SEARCH_USER_PATHS = NO;
				CLANG_ANALYZER_NONNULL = YES;
				CLANG_ANALYZER_NUMBER_OBJECT_CONVERSION = YES_AGGRESSIVE;
				CLANG_CXX_LANGUAGE_STANDARD = "gnu++14";
				CLANG_CXX_LIBRARY = "libc++";
				CLANG_ENABLE_MODULES = YES;
				CLANG_ENABLE_OBJC_ARC = YES;
				CLANG_ENABLE_OBJC_WEAK = YES;
				CLANG_WARN_BLOCK_CAPTURE_AUTORELEASING = YES;
				CLANG_WARN_BOOL_CONVERSION = YES;
				CLANG_WARN_COMMA = YES;
				CLANG_WARN_CONSTANT_CONVERSION = YES;
				CLANG_WARN_DEPRECATED_OBJC_IMPLEMENTATIONS = YES;
				CLANG_WARN_DIRECT_OBJC_ISA_USAGE = YES_ERROR;
				CLANG_WARN_DOCUMENTATION_COMMENTS = YES;
				CLANG_WARN_EMPTY_BODY = YES;
				CLANG_WARN_ENUM_CONVERSION = YES;
				CLANG_WARN_INFINITE_RECURSION = YES;
				CLANG_WARN_INT_CONVERSION = YES;
				CLANG_WARN_NON_LITERAL_NULL_CONVERSION = YES;
				CLANG_WARN_OBJC_IMPLICIT_RETAIN_SELF = YES;
				CLANG_WARN_OBJC_LITERAL_CONVERSION = YES;
				CLANG_WARN_OBJC_ROOT_CLASS = YES_ERROR;
				CLANG_WARN_RANGE_LOOP_ANALYSIS = YES;
				CLANG_WARN_STRICT_PROTOTYPES = YES;
				CLANG_WARN_SUSPICIOUS_MOVE = YES;
				CLANG_WARN_UNGUARDED_AVAILABILITY = YES_AGGRESSIVE;
				CLANG_WARN_UNREACHABLE_CODE = YES;
				CLANG_WARN__DUPLICATE_METHOD_MATCH = YES;
				CODE_SIGN_IDENTITY = "iPhone Developer";
				COPY_PHASE_STRIP = NO;
				DEBUG_INFORMATION_FORMAT = "dwarf-with-dsym";
				ENABLE_NS_ASSERTIONS = NO;
				ENABLE_STRICT_OBJC_MSGSEND = YES;
				GCC_C_LANGUAGE_STANDARD = gnu11;
				GCC_NO_COMMON_BLOCKS = YES;
				GCC_WARN_64_TO_32_BIT_CONVERSION = YES;
				GCC_WARN_ABOUT_RETURN_TYPE = YES_ERROR;
				GCC_WARN_UNDECLARED_SELECTOR = YES;
				GCC_WARN_UNINITIALIZED_AUTOS = YES_AGGRESSIVE;
				GCC_WARN_UNUSED_FUNCTION = YES;
				GCC_WARN_UNUSED_VARIABLE = YES;
				IPHONEOS_DEPLOYMENT_TARGET = 11.3;
				MTL_ENABLE_DEBUG_INFO = NO;
				SDKROOT = iphoneos;
				VALIDATE_PRODUCT = YES;
			};
			name = Release;
		};
		3E993F472092C3F400E9013F /* Debug */ = {
			isa = XCBuildConfiguration;
			buildSettings = {
				ASSETCATALOG_COMPILER_APPICON_NAME = AppIcon;
				CODE_SIGN_STYLE = Automatic;
				DEVELOPMENT_TEAM = Y6Q4Y8S5HU;
				INFOPLIST_FILE = TestRestore/Info.plist;
				LD_RUNPATH_SEARCH_PATHS = (
					"$(inherited)",
					"@executable_path/Frameworks",
				);
				PRODUCT_BUNDLE_IDENTIFIER = com.scarlett.TestRestore;
				PRODUCT_NAME = "$(TARGET_NAME)";
				TARGETED_DEVICE_FAMILY = "1,2";
			};
			name = Debug;
		};
		3E993F482092C3F400E9013F /* Release */ = {
			isa = XCBuildConfiguration;
			buildSettings = {
				ASSETCATALOG_COMPILER_APPICON_NAME = AppIcon;
				CODE_SIGN_STYLE = Automatic;
				DEVELOPMENT_TEAM = Y6Q4Y8S5HU;
				INFOPLIST_FILE = TestRestore/Info.plist;
				LD_RUNPATH_SEARCH_PATHS = (
					"$(inherited)",
					"@executable_path/Frameworks",
				);
				PRODUCT_BUNDLE_IDENTIFIER = com.scarlett.TestRestore;
				PRODUCT_NAME = "$(TARGET_NAME)";
				TARGETED_DEVICE_FAMILY = "1,2";
			};
			name = Release;
		};
/* End XCBuildConfiguration section */

/* Begin XCConfigurationList section */
		3E993F2B2092C3F200E9013F /* Build configuration list for PBXProject "TestRestore" */ = {
			isa = XCConfigurationList;
			buildConfigurations = (
				3E993F442092C3F400E9013F /* Debug */,
				3E993F452092C3F400E9013F /* Release */,
			);
			defaultConfigurationIsVisible = 0;
			defaultConfigurationName = Release;
		};
		3E993F462092C3F400E9013F /* Build configuration list for PBXNativeTarget "TestRestore" */ = {
			isa = XCConfigurationList;
			buildConfigurations = (
				3E993F472092C3F400E9013F /* Debug */,
				3E993F482092C3F400E9013F /* Release */,
			);
			defaultConfigurationIsVisible = 0;
			defaultConfigurationName = Release;
		};
/* End XCConfigurationList section */
	};
	rootObject = 3E993F282092C3F200E9013F /* Project object */;
}
